// !$*UTF8*$!
{
	archiveVersion = 1;
	classes = {
	};
	objectVersion = 77;
	objects = {

/* Begin PBXBuildFile section */
		23230BEC5CDE1706E102DB44 /* Pods_original1_original1UITests.framework in Frameworks */ = {isa = PBXBuildFile; fileRef = 7028273D99800406FF21EB29 /* Pods_original1_original1UITests.framework */; };
		50640670ACF086BA93ED2D4D /* Pods_original1Tests.framework in Frameworks */ = {isa = PBXBuildFile; fileRef = CBC7E1FD0F59E9269712B0A8 /* Pods_original1Tests.framework */; };
		E49F65FBC1CF724A291C0A05 /* Pods_original1.framework in Frameworks */ = {isa = PBXBuildFile; fileRef = 151880E8660700A31998A8FF /* Pods_original1.framework */; };
/* End PBXBuildFile section */

/* Begin PBXContainerItemProxy section */
		DCC1016F2E10F7D200759C70 /* PBXContainerItemProxy */ = {
			isa = PBXContainerItemProxy;
			containerPortal = DCC101502E10F7C400759C70 /* Project object */;
			proxyType = 1;
			remoteGlobalIDString = DCC101572E10F7C500759C70;
			remoteInfo = original1;
		};
		DCC101792E10F7D200759C70 /* PBXContainerItemProxy */ = {
			isa = PBXContainerItemProxy;
			containerPortal = DCC101502E10F7C400759C70 /* Project object */;
			proxyType = 1;
			remoteGlobalIDString = DCC101572E10F7C500759C70;
			remoteInfo = original1;
		};
/* End PBXContainerItemProxy section */

/* Begin PBXFileReference section */
		13A4F0BE23821F65549ED38C /* Pods-original1-original1UITests.release.xcconfig */ = {isa = PBXFileReference; includeInIndex = 1; lastKnownFileType = text.xcconfig; name = "Pods-original1-original1UITests.release.xcconfig"; path = "Target Support Files/Pods-original1-original1UITests/Pods-original1-original1UITests.release.xcconfig"; sourceTree = "<group>"; };
		151880E8660700A31998A8FF /* Pods_original1.framework */ = {isa = PBXFileReference; explicitFileType = wrapper.framework; includeInIndex = 0; path = Pods_original1.framework; sourceTree = BUILT_PRODUCTS_DIR; };
		52420D3B6D124BCD7FB155BC /* Pods-original1-original1UITests.debug.xcconfig */ = {isa = PBXFileReference; includeInIndex = 1; lastKnownFileType = text.xcconfig; name = "Pods-original1-original1UITests.debug.xcconfig"; path = "Target Support Files/Pods-original1-original1UITests/Pods-original1-original1UITests.debug.xcconfig"; sourceTree = "<group>"; };
		7028273D99800406FF21EB29 /* Pods_original1_original1UITests.framework */ = {isa = PBXFileReference; explicitFileType = wrapper.framework; includeInIndex = 0; path = Pods_original1_original1UITests.framework; sourceTree = BUILT_PRODUCTS_DIR; };
		81280E6974483C9EF50DFE8A /* Pods-original1Tests.release.xcconfig */ = {isa = PBXFileReference; includeInIndex = 1; lastKnownFileType = text.xcconfig; name = "Pods-original1Tests.release.xcconfig"; path = "Target Support Files/Pods-original1Tests/Pods-original1Tests.release.xcconfig"; sourceTree = "<group>"; };
		AA3E728751D429700411A0E1 /* Pods-original1.debug.xcconfig */ = {isa = PBXFileReference; includeInIndex = 1; lastKnownFileType = text.xcconfig; name = "Pods-original1.debug.xcconfig"; path = "Target Support Files/Pods-original1/Pods-original1.debug.xcconfig"; sourceTree = "<group>"; };
		C891BB42D27A5A8E6A0337C2 /* Pods-original1Tests.debug.xcconfig */ = {isa = PBXFileReference; includeInIndex = 1; lastKnownFileType = text.xcconfig; name = "Pods-original1Tests.debug.xcconfig"; path = "Target Support Files/Pods-original1Tests/Pods-original1Tests.debug.xcconfig"; sourceTree = "<group>"; };
		CBC7E1FD0F59E9269712B0A8 /* Pods_original1Tests.framework */ = {isa = PBXFileReference; explicitFileType = wrapper.framework; includeInIndex = 0; path = Pods_original1Tests.framework; sourceTree = BUILT_PRODUCTS_DIR; };
		DCC101582E10F7C500759C70 /* original1.app */ = {isa = PBXFileReference; explicitFileType = wrapper.application; includeInIndex = 0; path = original1.app; sourceTree = BUILT_PRODUCTS_DIR; };
		DCC1016E2E10F7D200759C70 /* original1Tests.xctest */ = {isa = PBXFileReference; explicitFileType = wrapper.cfbundle; includeInIndex = 0; path = original1Tests.xctest; sourceTree = BUILT_PRODUCTS_DIR; };
		DCC101782E10F7D200759C70 /* original1UITests.xctest */ = {isa = PBXFileReference; explicitFileType = wrapper.cfbundle; includeInIndex = 0; path = original1UITests.xctest; sourceTree = BUILT_PRODUCTS_DIR; };
		E34301F0349923FC0AC7F2CD /* Pods-original1.release.xcconfig */ = {isa = PBXFileReference; includeInIndex = 1; lastKnownFileType = text.xcconfig; name = "Pods-original1.release.xcconfig"; path = "Target Support Files/Pods-original1/Pods-original1.release.xcconfig"; sourceTree = "<group>"; };
/* End PBXFileReference section */

/* Begin PBXFileSystemSynchronizedBuildFileExceptionSet section */
		DCC101802E10F7D200759C70 /* Exceptions for "original1" folder in "original1" target */ = {
			isa = PBXFileSystemSynchronizedBuildFileExceptionSet;
			membershipExceptions = (
				Info.plist,
			);
			target = DCC101572E10F7C500759C70 /* original1 */;
		};
/* End PBXFileSystemSynchronizedBuildFileExceptionSet section */

/* Begin PBXFileSystemSynchronizedRootGroup section */
		DCC1015A2E10F7C500759C70 /* original1 */ = {
			isa = PBXFileSystemSynchronizedRootGroup;
			exceptions = (
				DCC101802E10F7D200759C70 /* Exceptions for "original1" folder in "original1" target */,
			);
			path = original1;
			sourceTree = "<group>";
		};
		DCC101712E10F7D200759C70 /* original1Tests */ = {
			isa = PBXFileSystemSynchronizedRootGroup;
			path = original1Tests;
			sourceTree = "<group>";
		};
		DCC1017B2E10F7D200759C70 /* original1UITests */ = {
			isa = PBXFileSystemSynchronizedRootGroup;
			path = original1UITests;
			sourceTree = "<group>";
		};
/* End PBXFileSystemSynchronizedRootGroup section */

/* Begin PBXFrameworksBuildPhase section */
		DCC101552E10F7C500759C70 /* Frameworks */ = {
			isa = PBXFrameworksBuildPhase;
			buildActionMask = 2147483647;
			files = (
				E49F65FBC1CF724A291C0A05 /* Pods_original1.framework in Frameworks */,
			);
			runOnlyForDeploymentPostprocessing = 0;
		};
		DCC1016B2E10F7D200759C70 /* Frameworks */ = {
			isa = PBXFrameworksBuildPhase;
			buildActionMask = 2147483647;
			files = (
				50640670ACF086BA93ED2D4D /* Pods_original1Tests.framework in Frameworks */,
			);
			runOnlyForDeploymentPostprocessing = 0;
		};
		DCC101752E10F7D200759C70 /* Frameworks */ = {
			isa = PBXFrameworksBuildPhase;
			buildActionMask = 2147483647;
			files = (
				23230BEC5CDE1706E102DB44 /* Pods_original1_original1UITests.framework in Frameworks */,
			);
			runOnlyForDeploymentPostprocessing = 0;
		};
/* End PBXFrameworksBuildPhase section */

/* Begin PBXGroup section */
		1064139E764DA10894484F53 /* Pods */ = {
			isa = PBXGroup;
			children = (
				AA3E728751D429700411A0E1 /* Pods-original1.debug.xcconfig */,
				E34301F0349923FC0AC7F2CD /* Pods-original1.release.xcconfig */,
				52420D3B6D124BCD7FB155BC /* Pods-original1-original1UITests.debug.xcconfig */,
				13A4F0BE23821F65549ED38C /* Pods-original1-original1UITests.release.xcconfig */,
				C891BB42D27A5A8E6A0337C2 /* Pods-original1Tests.debug.xcconfig */,
				81280E6974483C9EF50DFE8A /* Pods-original1Tests.release.xcconfig */,
			);
			path = Pods;
			sourceTree = "<group>";
		};
		5392886CB11E8619BA814B27 /* Frameworks */ = {
			isa = PBXGroup;
			children = (
				151880E8660700A31998A8FF /* Pods_original1.framework */,
				7028273D99800406FF21EB29 /* Pods_original1_original1UITests.framework */,
				CBC7E1FD0F59E9269712B0A8 /* Pods_original1Tests.framework */,
			);
			name = Frameworks;
			sourceTree = "<group>";
		};
		DCC1014F2E10F7C400759C70 = {
			isa = PBXGroup;
			children = (
				DCC1015A2E10F7C500759C70 /* original1 */,
				DCC101712E10F7D200759C70 /* original1Tests */,
				DCC1017B2E10F7D200759C70 /* original1UITests */,
				DCC101592E10F7C500759C70 /* Products */,
				1064139E764DA10894484F53 /* Pods */,
				5392886CB11E8619BA814B27 /* Frameworks */,
			);
			sourceTree = "<group>";
		};
		DCC101592E10F7C500759C70 /* Products */ = {
			isa = PBXGroup;
			children = (
				DCC101582E10F7C500759C70 /* original1.app */,
				DCC1016E2E10F7D200759C70 /* original1Tests.xctest */,
				DCC101782E10F7D200759C70 /* original1UITests.xctest */,
			);
			name = Products;
			sourceTree = "<group>";
		};
/* End PBXGroup section */

/* Begin PBXNativeTarget section */
		DCC101572E10F7C500759C70 /* original1 */ = {
			isa = PBXNativeTarget;
			buildConfigurationList = DCC101812E10F7D200759C70 /* Build configuration list for PBXNativeTarget "original1" */;
			buildPhases = (
				6BD588D364E16089463743FB /* [CP] Check Pods Manifest.lock */,
				DCC101542E10F7C500759C70 /* Sources */,
				DCC101552E10F7C500759C70 /* Frameworks */,
				DCC101562E10F7C500759C70 /* Resources */,
				EF1B517656F79079BAE37F62 /* [CP] Embed Pods Frameworks */,
			);
			buildRules = (
			);
			dependencies = (
			);
			fileSystemSynchronizedGroups = (
				DCC1015A2E10F7C500759C70 /* original1 */,
			);
			name = original1;
			productName = original1;
			productReference = DCC101582E10F7C500759C70 /* original1.app */;
			productType = "com.apple.product-type.application";
		};
		DCC1016D2E10F7D200759C70 /* original1Tests */ = {
			isa = PBXNativeTarget;
			buildConfigurationList = DCC101862E10F7D200759C70 /* Build configuration list for PBXNativeTarget "original1Tests" */;
			buildPhases = (
				3F1A0DC5924F96296D17DF8B /* [CP] Check Pods Manifest.lock */,
				DCC1016A2E10F7D200759C70 /* Sources */,
				DCC1016B2E10F7D200759C70 /* Frameworks */,
				DCC1016C2E10F7D200759C70 /* Resources */,
			);
			buildRules = (
			);
			dependencies = (
				DCC101702E10F7D200759C70 /* PBXTargetDependency */,
			);
			fileSystemSynchronizedGroups = (
				DCC101712E10F7D200759C70 /* original1Tests */,
			);
			name = original1Tests;
			productName = original1Tests;
			productReference = DCC1016E2E10F7D200759C70 /* original1Tests.xctest */;
			productType = "com.apple.product-type.bundle.unit-test";
		};
		DCC101772E10F7D200759C70 /* original1UITests */ = {
			isa = PBXNativeTarget;
			buildConfigurationList = DCC101892E10F7D200759C70 /* Build configuration list for PBXNativeTarget "original1UITests" */;
			buildPhases = (
				394E61E8E33CCFE48E68D9CF /* [CP] Check Pods Manifest.lock */,
				DCC101742E10F7D200759C70 /* Sources */,
				DCC101752E10F7D200759C70 /* Frameworks */,
				DCC101762E10F7D200759C70 /* Resources */,
				E56E9F5456DB5E3815153358 /* [CP] Embed Pods Frameworks */,
			);
			buildRules = (
			);
			dependencies = (
				DCC1017A2E10F7D200759C70 /* PBXTargetDependency */,
			);
			fileSystemSynchronizedGroups = (
				DCC1017B2E10F7D200759C70 /* original1UITests */,
			);
			name = original1UITests;
			productName = original1UITests;
			productReference = DCC101782E10F7D200759C70 /* original1UITests.xctest */;
			productType = "com.apple.product-type.bundle.ui-testing";
		};
/* End PBXNativeTarget section */

/* Begin PBXProject section */
		DCC101502E10F7C400759C70 /* Project object */ = {
			isa = PBXProject;
			attributes = {
				BuildIndependentTargetsInParallel = 1;
				LastSwiftUpdateCheck = 1620;
				LastUpgradeCheck = 1620;
				TargetAttributes = {
					DCC101572E10F7C500759C70 = {
						CreatedOnToolsVersion = 16.2;
					};
					DCC1016D2E10F7D200759C70 = {
						CreatedOnToolsVersion = 16.2;
						TestTargetID = DCC101572E10F7C500759C70;
					};
					DCC101772E10F7D200759C70 = {
						CreatedOnToolsVersion = 16.2;
						TestTargetID = DCC101572E10F7C500759C70;
					};
				};
			};
			buildConfigurationList = DCC101532E10F7C400759C70 /* Build configuration list for PBXProject "original1" */;
			developmentRegion = en;
			hasScannedForEncodings = 0;
			knownRegions = (
				en,
				Base,
			);
			mainGroup = DCC1014F2E10F7C400759C70;
			minimizedProjectReferenceProxies = 1;
			preferredProjectObjectVersion = 77;
			productRefGroup = DCC101592E10F7C500759C70 /* Products */;
			projectDirPath = "";
			projectRoot = "";
			targets = (
				DCC101572E10F7C500759C70 /* original1 */,
				DCC1016D2E10F7D200759C70 /* original1Tests */,
				DCC101772E10F7D200759C70 /* original1UITests */,
			);
		};
/* End PBXProject section */

/* Begin PBXResourcesBuildPhase section */
		DCC101562E10F7C500759C70 /* Resources */ = {
			isa = PBXResourcesBuildPhase;
			buildActionMask = 2147483647;
			files = (
			);
			runOnlyForDeploymentPostprocessing = 0;
		};
		DCC1016C2E10F7D200759C70 /* Resources */ = {
			isa = PBXResourcesBuildPhase;
			buildActionMask = 2147483647;
			files = (
			);
			runOnlyForDeploymentPostprocessing = 0;
		};
		DCC101762E10F7D200759C70 /* Resources */ = {
			isa = PBXResourcesBuildPhase;
			buildActionMask = 2147483647;
			files = (
			);
			runOnlyForDeploymentPostprocessing = 0;
		};
/* End PBXResourcesBuildPhase section */

/* Begin PBXShellScriptBuildPhase section */
		394E61E8E33CCFE48E68D9CF /* [CP] Check Pods Manifest.lock */ = {
			isa = PBXShellScriptBuildPhase;
			buildActionMask = 2147483647;
			files = (
			);
			inputFileListPaths = (
			);
			inputPaths = (
				"${PODS_PODFILE_DIR_PATH}/Podfile.lock",
				"${PODS_ROOT}/Manifest.lock",
			);
			name = "[CP] Check Pods Manifest.lock";
			outputFileListPaths = (
			);
			outputPaths = (
				"$(DERIVED_FILE_DIR)/Pods-original1-original1UITests-checkManifestLockResult.txt",
			);
			runOnlyForDeploymentPostprocessing = 0;
			shellPath = /bin/sh;
			shellScript = "diff \"${PODS_PODFILE_DIR_PATH}/Podfile.lock\" \"${PODS_ROOT}/Manifest.lock\" > /dev/null\nif [ $? != 0 ] ; then\n    # print error to STDERR\n    echo \"error: The sandbox is not in sync with the Podfile.lock. Run 'pod install' or update your CocoaPods installation.\" >&2\n    exit 1\nfi\n# This output is used by Xcode 'outputs' to avoid re-running this script phase.\necho \"SUCCESS\" > \"${SCRIPT_OUTPUT_FILE_0}\"\n";
			showEnvVarsInLog = 0;
		};
		3F1A0DC5924F96296D17DF8B /* [CP] Check Pods Manifest.lock */ = {
			isa = PBXShellScriptBuildPhase;
			buildActionMask = 2147483647;
			files = (
			);
			inputFileListPaths = (
			);
			inputPaths = (
				"${PODS_PODFILE_DIR_PATH}/Podfile.lock",
				"${PODS_ROOT}/Manifest.lock",
			);
			name = "[CP] Check Pods Manifest.lock";
			outputFileListPaths = (
			);
			outputPaths = (
				"$(DERIVED_FILE_DIR)/Pods-original1Tests-checkManifestLockResult.txt",
			);
			runOnlyForDeploymentPostprocessing = 0;
			shellPath = /bin/sh;
			shellScript = "diff \"${PODS_PODFILE_DIR_PATH}/Podfile.lock\" \"${PODS_ROOT}/Manifest.lock\" > /dev/null\nif [ $? != 0 ] ; then\n    # print error to STDERR\n    echo \"error: The sandbox is not in sync with the Podfile.lock. Run 'pod install' or update your CocoaPods installation.\" >&2\n    exit 1\nfi\n# This output is used by Xcode 'outputs' to avoid re-running this script phase.\necho \"SUCCESS\" > \"${SCRIPT_OUTPUT_FILE_0}\"\n";
			showEnvVarsInLog = 0;
		};
		6BD588D364E16089463743FB /* [CP] Check Pods Manifest.lock */ = {
			isa = PBXShellScriptBuildPhase;
			buildActionMask = 2147483647;
			files = (
			);
			inputFileListPaths = (
			);
			inputPaths = (
				"${PODS_PODFILE_DIR_PATH}/Podfile.lock",
				"${PODS_ROOT}/Manifest.lock",
			);
			name = "[CP] Check Pods Manifest.lock";
			outputFileListPaths = (
			);
			outputPaths = (
				"$(DERIVED_FILE_DIR)/Pods-original1-checkManifestLockResult.txt",
			);
			runOnlyForDeploymentPostprocessing = 0;
			shellPath = /bin/sh;
			shellScript = "diff \"${PODS_PODFILE_DIR_PATH}/Podfile.lock\" \"${PODS_ROOT}/Manifest.lock\" > /dev/null\nif [ $? != 0 ] ; then\n    # print error to STDERR\n    echo \"error: The sandbox is not in sync with the Podfile.lock. Run 'pod install' or update your CocoaPods installation.\" >&2\n    exit 1\nfi\n# This output is used by Xcode 'outputs' to avoid re-running this script phase.\necho \"SUCCESS\" > \"${SCRIPT_OUTPUT_FILE_0}\"\n";
			showEnvVarsInLog = 0;
		};
		E56E9F5456DB5E3815153358 /* [CP] Embed Pods Frameworks */ = {
			isa = PBXShellScriptBuildPhase;
			buildActionMask = 2147483647;
			files = (
			);
			inputFileListPaths = (
				"${PODS_ROOT}/Target Support Files/Pods-original1-original1UITests/Pods-original1-original1UITests-frameworks-${CONFIGURATION}-input-files.xcfilelist",
			);
			name = "[CP] Embed Pods Frameworks";
			outputFileListPaths = (
				"${PODS_ROOT}/Target Support Files/Pods-original1-original1UITests/Pods-original1-original1UITests-frameworks-${CONFIGURATION}-output-files.xcfilelist",
			);
			runOnlyForDeploymentPostprocessing = 0;
			shellPath = /bin/sh;
			shellScript = "\"${PODS_ROOT}/Target Support Files/Pods-original1-original1UITests/Pods-original1-original1UITests-frameworks.sh\"\n";
			showEnvVarsInLog = 0;
		};
		EF1B517656F79079BAE37F62 /* [CP] Embed Pods Frameworks */ = {
			isa = PBXShellScriptBuildPhase;
			buildActionMask = 2147483647;
			files = (
			);
			inputFileListPaths = (
				"${PODS_ROOT}/Target Support Files/Pods-original1/Pods-original1-frameworks-${CONFIGURATION}-input-files.xcfilelist",
			);
			name = "[CP] Embed Pods Frameworks";
			outputFileListPaths = (
				"${PODS_ROOT}/Target Support Files/Pods-original1/Pods-original1-frameworks-${CONFIGURATION}-output-files.xcfilelist",
			);
			runOnlyForDeploymentPostprocessing = 0;
			shellPath = /bin/sh;
			shellScript = "\"${PODS_ROOT}/Target Support Files/Pods-original1/Pods-original1-frameworks.sh\"\n";
			showEnvVarsInLog = 0;
		};
/* End PBXShellScriptBuildPhase section */

/* Begin PBXSourcesBuildPhase section */
		DCC101542E10F7C500759C70 /* Sources */ = {
			isa = PBXSourcesBuildPhase;
			buildActionMask = 2147483647;
			files = (
			);
			runOnlyForDeploymentPostprocessing = 0;
		};
		DCC1016A2E10F7D200759C70 /* Sources */ = {
			isa = PBXSourcesBuildPhase;
			buildActionMask = 2147483647;
			files = (
			);
			runOnlyForDeploymentPostprocessing = 0;
		};
		DCC101742E10F7D200759C70 /* Sources */ = {
			isa = PBXSourcesBuildPhase;
			buildActionMask = 2147483647;
			files = (
			);
			runOnlyForDeploymentPostprocessing = 0;
		};
/* End PBXSourcesBuildPhase section */

/* Begin PBXTargetDependency section */
		DCC101702E10F7D200759C70 /* PBXTargetDependency */ = {
			isa = PBXTargetDependency;
			target = DCC101572E10F7C500759C70 /* original1 */;
			targetProxy = DCC1016F2E10F7D200759C70 /* PBXContainerItemProxy */;
		};
		DCC1017A2E10F7D200759C70 /* PBXTargetDependency */ = {
			isa = PBXTargetDependency;
			target = DCC101572E10F7C500759C70 /* original1 */;
			targetProxy = DCC101792E10F7D200759C70 /* PBXContainerItemProxy */;
		};
/* End PBXTargetDependency section */

/* Begin XCBuildConfiguration section */
		DCC101822E10F7D200759C70 /* Debug */ = {
			isa = XCBuildConfiguration;
			baseConfigurationReference = AA3E728751D429700411A0E1 /* Pods-original1.debug.xcconfig */;
			buildSettings = {
				ASSETCATALOG_COMPILER_APPICON_NAME = AppIcon;
				ASSETCATALOG_COMPILER_GLOBAL_ACCENT_COLOR_NAME = AccentColor;
				CODE_SIGN_STYLE = Automatic;
				CURRENT_PROJECT_VERSION = 1;
				ENABLE_USER_SCRIPT_SANDBOXING = NO;
				GENERATE_INFOPLIST_FILE = YES;
				INFOPLIST_FILE = original1/Info.plist;
				INFOPLIST_KEY_UIApplicationSupportsIndirectInputEvents = YES;
				INFOPLIST_KEY_UILaunchStoryboardName = LaunchScreen;
				INFOPLIST_KEY_UIMainStoryboardFile = Main;
				INFOPLIST_KEY_UISupportedInterfaceOrientations_iPad = "UIInterfaceOrientationPortrait UIInterfaceOrientationPortraitUpsideDown UIInterfaceOrientationLandscapeLeft UIInterfaceOrientationLandscapeRight";
				INFOPLIST_KEY_UISupportedInterfaceOrientations_iPhone = "UIInterfaceOrientationPortrait UIInterfaceOrientationLandscapeLeft UIInterfaceOrientationLandscapeRight";
				LD_RUNPATH_SEARCH_PATHS = (
					"$(inherited)",
					"@executable_path/Frameworks",
				);
				MARKETING_VERSION = 1.0;
				PRODUCT_BUNDLE_IDENTIFIER = app.tatami.original1;
				PRODUCT_NAME = "$(TARGET_NAME)";
				SWIFT_EMIT_LOC_STRINGS = YES;
				SWIFT_VERSION = 5.0;
				TARGETED_DEVICE_FAMILY = "1,2";
			};
			name = Debug;
		};
		DCC101832E10F7D200759C70 /* Release */ = {
			isa = XCBuildConfiguration;
			baseConfigurationReference = E34301F0349923FC0AC7F2CD /* Pods-original1.release.xcconfig */;
			buildSettings = {
				ASSETCATALOG_COMPILER_APPICON_NAME = AppIcon;
				ASSETCATALOG_COMPILER_GLOBAL_ACCENT_COLOR_NAME = AccentColor;
				CODE_SIGN_STYLE = Automatic;
				CURRENT_PROJECT_VERSION = 1;
				ENABLE_USER_SCRIPT_SANDBOXING = NO;
				GENERATE_INFOPLIST_FILE = YES;
				INFOPLIST_FILE = original1/Info.plist;
				INFOPLIST_KEY_UIApplicationSupportsIndirectInputEvents = YES;
				INFOPLIST_KEY_UILaunchStoryboardName = LaunchScreen;
				INFOPLIST_KEY_UIMainStoryboardFile = Main;
				INFOPLIST_KEY_UISupportedInterfaceOrientations_iPad = "UIInterfaceOrientationPortrait UIInterfaceOrientationPortraitUpsideDown UIInterfaceOrientationLandscapeLeft UIInterfaceOrientationLandscapeRight";
				INFOPLIST_KEY_UISupportedInterfaceOrientations_iPhone = "UIInterfaceOrientationPortrait UIInterfaceOrientationLandscapeLeft UIInterfaceOrientationLandscapeRight";
				LD_RUNPATH_SEARCH_PATHS = (
					"$(inherited)",
					"@executable_path/Frameworks",
				);
				MARKETING_VERSION = 1.0;
				PRODUCT_BUNDLE_IDENTIFIER = app.tatami.original1;
				PRODUCT_NAME = "$(TARGET_NAME)";
				SWIFT_EMIT_LOC_STRINGS = YES;
				SWIFT_VERSION = 5.0;
				TARGETED_DEVICE_FAMILY = "1,2";
			};
			name = Release;
		};
		DCC101842E10F7D200759C70 /* Debug */ = {
			isa = XCBuildConfiguration;
			buildSettings = {
				ALWAYS_SEARCH_USER_PATHS = NO;
				ASSETCATALOG_COMPILER_GENERATE_SWIFT_ASSET_SYMBOL_EXTENSIONS = YES;
				CLANG_ANALYZER_NONNULL = YES;
				CLANG_ANALYZER_NUMBER_OBJECT_CONVERSION = YES_AGGRESSIVE;
				CLANG_CXX_LANGUAGE_STANDARD = "gnu++20";
				CLANG_ENABLE_MODULES = YES;
				CLANG_ENABLE_OBJC_ARC = YES;
				CLANG_ENABLE_OBJC_WEAK = YES;
				CLANG_WARN_BLOCK_CAPTURE_AUTORELEASING = YES;
				CLANG_WARN_BOOL_CONVERSION = YES;
				CLANG_WARN_COMMA = YES;
				CLANG_WARN_CONSTANT_CONVERSION = YES;
				CLANG_WARN_DEPRECATED_OBJC_IMPLEMENTATIONS = YES;
				CLANG_WARN_DIRECT_OBJC_ISA_USAGE = YES_ERROR;
				CLANG_WARN_DOCUMENTATION_COMMENTS = YES;
				CLANG_WARN_EMPTY_BODY = YES;
				CLANG_WARN_ENUM_CONVERSION = YES;
				CLANG_WARN_INFINITE_RECURSION = YES;
				CLANG_WARN_INT_CONVERSION = YES;
				CLANG_WARN_NON_LITERAL_NULL_CONVERSION = YES;
				CLANG_WARN_OBJC_IMPLICIT_RETAIN_SELF = YES;
				CLANG_WARN_OBJC_LITERAL_CONVERSION = YES;
				CLANG_WARN_OBJC_ROOT_CLASS = YES_ERROR;
				CLANG_WARN_QUOTED_INCLUDE_IN_FRAMEWORK_HEADER = YES;
				CLANG_WARN_RANGE_LOOP_ANALYSIS = YES;
				CLANG_WARN_STRICT_PROTOTYPES = YES;
				CLANG_WARN_SUSPICIOUS_MOVE = YES;
				CLANG_WARN_UNGUARDED_AVAILABILITY = YES_AGGRESSIVE;
				CLANG_WARN_UNREACHABLE_CODE = YES;
				CLANG_WARN__DUPLICATE_METHOD_MATCH = YES;
				COPY_PHASE_STRIP = NO;
				DEBUG_INFORMATION_FORMAT = dwarf;
				ENABLE_STRICT_OBJC_MSGSEND = YES;
				ENABLE_TESTABILITY = YES;
				ENABLE_USER_SCRIPT_SANDBOXING = YES;
				GCC_C_LANGUAGE_STANDARD = gnu17;
				GCC_DYNAMIC_NO_PIC = NO;
				GCC_NO_COMMON_BLOCKS = YES;
				GCC_OPTIMIZATION_LEVEL = 0;
				GCC_PREPROCESSOR_DEFINITIONS = (
					"DEBUG=1",
					"$(inherited)",
				);
				GCC_WARN_64_TO_32_BIT_CONVERSION = YES;
				GCC_WARN_ABOUT_RETURN_TYPE = YES_ERROR;
				GCC_WARN_UNDECLARED_SELECTOR = YES;
				GCC_WARN_UNINITIALIZED_AUTOS = YES_AGGRESSIVE;
				GCC_WARN_UNUSED_FUNCTION = YES;
				GCC_WARN_UNUSED_VARIABLE = YES;
				IPHONEOS_DEPLOYMENT_TARGET = 18.2;
				LOCALIZATION_PREFERS_STRING_CATALOGS = YES;
				MTL_ENABLE_DEBUG_INFO = INCLUDE_SOURCE;
				MTL_FAST_MATH = YES;
				ONLY_ACTIVE_ARCH = YES;
				SDKROOT = iphoneos;
				SWIFT_ACTIVE_COMPILATION_CONDITIONS = "DEBUG $(inherited)";
				SWIFT_OPTIMIZATION_LEVEL = "-Onone";
			};
			name = Debug;
		};
		DCC101852E10F7D200759C70 /* Release */ = {
			isa = XCBuildConfiguration;
			buildSettings = {
				ALWAYS_SEARCH_USER_PATHS = NO;
				ASSETCATALOG_COMPILER_GENERATE_SWIFT_ASSET_SYMBOL_EXTENSIONS = YES;
				CLANG_ANALYZER_NONNULL = YES;
				CLANG_ANALYZER_NUMBER_OBJECT_CONVERSION = YES_AGGRESSIVE;
				CLANG_CXX_LANGUAGE_STANDARD = "gnu++20";
				CLANG_ENABLE_MODULES = YES;
				CLANG_ENABLE_OBJC_ARC = YES;
				CLANG_ENABLE_OBJC_WEAK = YES;
				CLANG_WARN_BLOCK_CAPTURE_AUTORELEASING = YES;
				CLANG_WARN_BOOL_CONVERSION = YES;
				CLANG_WARN_COMMA = YES;
				CLANG_WARN_CONSTANT_CONVERSION = YES;
				CLANG_WARN_DEPRECATED_OBJC_IMPLEMENTATIONS = YES;
				CLANG_WARN_DIRECT_OBJC_ISA_USAGE = YES_ERROR;
				CLANG_WARN_DOCUMENTATION_COMMENTS = YES;
				CLANG_WARN_EMPTY_BODY = YES;
				CLANG_WARN_ENUM_CONVERSION = YES;
				CLANG_WARN_INFINITE_RECURSION = YES;
				CLANG_WARN_INT_CONVERSION = YES;
				CLANG_WARN_NON_LITERAL_NULL_CONVERSION = YES;
				CLANG_WARN_OBJC_IMPLICIT_RETAIN_SELF = YES;
				CLANG_WARN_OBJC_LITERAL_CONVERSION = YES;
				CLANG_WARN_OBJC_ROOT_CLASS = YES_ERROR;
				CLANG_WARN_QUOTED_INCLUDE_IN_FRAMEWORK_HEADER = YES;
				CLANG_WARN_RANGE_LOOP_ANALYSIS = YES;
				CLANG_WARN_STRICT_PROTOTYPES = YES;
				CLANG_WARN_SUSPICIOUS_MOVE = YES;
				CLANG_WARN_UNGUARDED_AVAILABILITY = YES_AGGRESSIVE;
				CLANG_WARN_UNREACHABLE_CODE = YES;
				CLANG_WARN__DUPLICATE_METHOD_MATCH = YES;
				COPY_PHASE_STRIP = NO;
				DEBUG_INFORMATION_FORMAT = "dwarf-with-dsym";
				ENABLE_NS_ASSERTIONS = NO;
				ENABLE_STRICT_OBJC_MSGSEND = YES;
				ENABLE_USER_SCRIPT_SANDBOXING = YES;
				GCC_C_LANGUAGE_STANDARD = gnu17;
				GCC_NO_COMMON_BLOCKS = YES;
				GCC_WARN_64_TO_32_BIT_CONVERSION = YES;
				GCC_WARN_ABOUT_RETURN_TYPE = YES_ERROR;
				GCC_WARN_UNDECLARED_SELECTOR = YES;
				GCC_WARN_UNINITIALIZED_AUTOS = YES_AGGRESSIVE;
				GCC_WARN_UNUSED_FUNCTION = YES;
				GCC_WARN_UNUSED_VARIABLE = YES;
				IPHONEOS_DEPLOYMENT_TARGET = 18.2;
				LOCALIZATION_PREFERS_STRING_CATALOGS = YES;
				MTL_ENABLE_DEBUG_INFO = NO;
				MTL_FAST_MATH = YES;
				SDKROOT = iphoneos;
				SWIFT_COMPILATION_MODE = wholemodule;
				VALIDATE_PRODUCT = YES;
			};
			name = Release;
		};
		DCC101872E10F7D200759C70 /* Debug */ = {
			isa = XCBuildConfiguration;
			baseConfigurationReference = C891BB42D27A5A8E6A0337C2 /* Pods-original1Tests.debug.xcconfig */;
			buildSettings = {
				BUNDLE_LOADER = "$(TEST_HOST)";
				CODE_SIGN_STYLE = Automatic;
				CURRENT_PROJECT_VERSION = 1;
				GENERATE_INFOPLIST_FILE = YES;
				IPHONEOS_DEPLOYMENT_TARGET = 18.2;
				MARKETING_VERSION = 1.0;
				PRODUCT_BUNDLE_IDENTIFIER = app.tatami.original1Tests;
				PRODUCT_NAME = "$(TARGET_NAME)";
				SWIFT_EMIT_LOC_STRINGS = NO;
				SWIFT_VERSION = 5.0;
				TARGETED_DEVICE_FAMILY = "1,2";
				TEST_HOST = "$(BUILT_PRODUCTS_DIR)/original1.app/$(BUNDLE_EXECUTABLE_FOLDER_PATH)/original1";
			};
			name = Debug;
		};
		DCC101882E10F7D200759C70 /* Release */ = {
			isa = XCBuildConfiguration;
			baseConfigurationReference = 81280E6974483C9EF50DFE8A /* Pods-original1Tests.release.xcconfig */;
			buildSettings = {
				BUNDLE_LOADER = "$(TEST_HOST)";
				CODE_SIGN_STYLE = Automatic;
				CURRENT_PROJECT_VERSION = 1;
				GENERATE_INFOPLIST_FILE = YES;
				IPHONEOS_DEPLOYMENT_TARGET = 18.2;
				MARKETING_VERSION = 1.0;
				PRODUCT_BUNDLE_IDENTIFIER = app.tatami.original1Tests;
				PRODUCT_NAME = "$(TARGET_NAME)";
				SWIFT_EMIT_LOC_STRINGS = NO;
				SWIFT_VERSION = 5.0;
				TARGETED_DEVICE_FAMILY = "1,2";
				TEST_HOST = "$(BUILT_PRODUCTS_DIR)/original1.app/$(BUNDLE_EXECUTABLE_FOLDER_PATH)/original1";
			};
			name = Release;
		};
		DCC1018A2E10F7D200759C70 /* Debug */ = {
			isa = XCBuildConfiguration;
			baseConfigurationReference = 52420D3B6D124BCD7FB155BC /* Pods-original1-original1UITests.debug.xcconfig */;
			buildSettings = {
				CODE_SIGN_STYLE = Automatic;
				CURRENT_PROJECT_VERSION = 1;
				GENERATE_INFOPLIST_FILE = YES;
				MARKETING_VERSION = 1.0;
				PRODUCT_BUNDLE_IDENTIFIER = app.tatami.original1UITests;
				PRODUCT_NAME = "$(TARGET_NAME)";
				SWIFT_EMIT_LOC_STRINGS = NO;
				SWIFT_VERSION = 5.0;
				TARGETED_DEVICE_FAMILY = "1,2";
				TEST_TARGET_NAME = original1;
			};
			name = Debug;
		};
		DCC1018B2E10F7D200759C70 /* Release */ = {
			isa = XCBuildConfiguration;
			baseConfigurationReference = 13A4F0BE23821F65549ED38C /* Pods-original1-original1UITests.release.xcconfig */;
			buildSettings = {
				CODE_SIGN_STYLE = Automatic;
				CURRENT_PROJECT_VERSION = 1;
				GENERATE_INFOPLIST_FILE = YES;
				MARKETING_VERSION = 1.0;
				PRODUCT_BUNDLE_IDENTIFIER = app.tatami.original1UITests;
				PRODUCT_NAME = "$(TARGET_NAME)";
				SWIFT_EMIT_LOC_STRINGS = NO;
				SWIFT_VERSION = 5.0;
				TARGETED_DEVICE_FAMILY = "1,2";
				TEST_TARGET_NAME = original1;
			};
			name = Release;
		};
/* End XCBuildConfiguration section */

/* Begin XCConfigurationList section */
		DCC101532E10F7C400759C70 /* Build configuration list for PBXProject "original1" */ = {
			isa = XCConfigurationList;
			buildConfigurations = (
				DCC101842E10F7D200759C70 /* Debug */,
				DCC101852E10F7D200759C70 /* Release */,
			);
			defaultConfigurationIsVisible = 0;
			defaultConfigurationName = Release;
		};
		DCC101812E10F7D200759C70 /* Build configuration list for PBXNativeTarget "original1" */ = {
			isa = XCConfigurationList;
			buildConfigurations = (
				DCC101822E10F7D200759C70 /* Debug */,
				DCC101832E10F7D200759C70 /* Release */,
			);
			defaultConfigurationIsVisible = 0;
			defaultConfigurationName = Release;
		};
		DCC101862E10F7D200759C70 /* Build configuration list for PBXNativeTarget "original1Tests" */ = {
			isa = XCConfigurationList;
			buildConfigurations = (
				DCC101872E10F7D200759C70 /* Debug */,
				DCC101882E10F7D200759C70 /* Release */,
			);
			defaultConfigurationIsVisible = 0;
			defaultConfigurationName = Release;
		};
		DCC101892E10F7D200759C70 /* Build configuration list for PBXNativeTarget "original1UITests" */ = {
			isa = XCConfigurationList;
			buildConfigurations = (
				DCC1018A2E10F7D200759C70 /* Debug */,
				DCC1018B2E10F7D200759C70 /* Release */,
			);
			defaultConfigurationIsVisible = 0;
			defaultConfigurationName = Release;
		};
/* End XCConfigurationList section */
	};
	rootObject = DCC101502E10F7C400759C70 /* Project object */;
}
